
Microsoft Visual Studio Solution File, Format Version 12.00
# Visual Studio Version 16
VisualStudioVersion = 16.0.29102.190
MinimumVisualStudioVersion = 10.0.40219.1
Project("{FAE04EC0-301F-11D3-BF4B-00C04F79EFBC}") = "MultimediaAutomationActivities", "MultimediaAutomationActivities\MultimediaAutomationActivities.csproj", "{87F739B0-FDD9-458E-809D-CB6806619075}"
EndProject
Project("{FAE04EC0-301F-11D3-BF4B-00C04F79EFBC}") = "Test", "Test\Test.csproj", "{8C90BAA0-057D-4723-AD85-91068C52736D}"
EndProject
Global
	GlobalSection(SolutionConfigurationPlatforms) = preSolution
		Debug|Any CPU = Debug|Any CPU
		Release|Any CPU = Release|Any CPU
	EndGlobalSection
	GlobalSection(ProjectConfigurationPlatforms) = postSolution
		{87F739B0-FDD9-458E-809D-CB6806619075}.Debug|Any CPU.ActiveCfg = Debug|Any CPU
		{87F739B0-FDD9-458E-809D-CB6806619075}.Debug|Any CPU.Build.0 = Debug|Any CPU
		{87F739B0-FDD9-458E-809D-CB6806619075}.Release|Any CPU.ActiveCfg = Release|Any CPU
		{87F739B0-FDD9-458E-809D-CB6806619075}.Release|Any CPU.Build.0 = Release|Any CPU
		{8C90BAA0-057D-4723-AD85-91068C52736D}.Debug|Any CPU.ActiveCfg = Debug|Any CPU
		{8C90BAA0-057D-4723-AD85-91068C52736D}.Debug|Any CPU.Build.0 = Debug|Any CPU
		{8C90BAA0-057D-4723-AD85-91068C52736D}.Release|Any CPU.ActiveCfg = Release|Any CPU
		{8C90BAA0-057D-4723-AD85-91068C52736D}.Release|Any CPU.Build.0 = Release|Any CPU
	EndGlobalSection
	GlobalSection(SolutionProperties) = preSolution
		HideSolutionNode = FALSE
	EndGlobalSection
	GlobalSection(ExtensibilityGlobals) = postSolution
		SolutionGuid = {C5971A97-0F6F-4E52-8197-B40F5AD60BB7}
	EndGlobalSection
EndGlobal
